
Microsoft Visual Studio Solution File, Format Version 12.00
# Visual Studio Version 17
VisualStudioVersion = 17.7.34018.315
MinimumVisualStudioVersion = 10.0.40219.1
Project("{FAE04EC0-301F-11D3-BF4B-00C04F79EFBC}") = "Talabat.APIs", "Talabat.APIs\Talabat.APIs.csproj", "{8FC1AF4F-5325-4ECD-9476-7F00184A4E90}"
EndProject
Project("{FAE04EC0-301F-11D3-BF4B-00C04F79EFBC}") = "Talabat.Core", "Talabat.Core\Talabat.Core.csproj", "{549A2203-A041-473C-83D7-1669E7DD2BF5}"
EndProject
Project("{FAE04EC0-301F-11D3-BF4B-00C04F79EFBC}") = "Talabat.Repository", "Talabat.Repository\Talabat.Repository.csproj", "{50E1985F-F956-4A58-827C-C0100F95CF24}"
EndProject
Project("{FAE04EC0-301F-11D3-BF4B-00C04F79EFBC}") = "Talabat.Services", "Talabat.Services\Talabat.Services.csproj", "{93AB5AFF-C30C-4417-9DDD-AAC8F0405D35}"
EndProject
Global
	GlobalSection(SolutionConfigurationPlatforms) = preSolution
		Debug|Any CPU = Debug|Any CPU
		Release|Any CPU = Release|Any CPU
	EndGlobalSection
	GlobalSection(ProjectConfigurationPlatforms) = postSolution
		{8FC1AF4F-5325-4ECD-9476-7F00184A4E90}.Debug|Any CPU.ActiveCfg = Debug|Any CPU
		{8FC1AF4F-5325-4ECD-9476-7F00184A4E90}.Debug|Any CPU.Build.0 = Debug|Any CPU
		{8FC1AF4F-5325-4ECD-9476-7F00184A4E90}.Release|Any CPU.ActiveCfg = Release|Any CPU
		{8FC1AF4F-5325-4ECD-9476-7F00184A4E90}.Release|Any CPU.Build.0 = Release|Any CPU
		{549A2203-A041-473C-83D7-1669E7DD2BF5}.Debug|Any CPU.ActiveCfg = Debug|Any CPU
		{549A2203-A041-473C-83D7-1669E7DD2BF5}.Debug|Any CPU.Build.0 = Debug|Any CPU
		{549A2203-A041-473C-83D7-1669E7DD2BF5}.Release|Any CPU.ActiveCfg = Release|Any CPU
		{549A2203-A041-473C-83D7-1669E7DD2BF5}.Release|Any CPU.Build.0 = Release|Any CPU
		{50E1985F-F956-4A58-827C-C0100F95CF24}.Debug|Any CPU.ActiveCfg = Debug|Any CPU
		{50E1985F-F956-4A58-827C-C0100F95CF24}.Debug|Any CPU.Build.0 = Debug|Any CPU
		{50E1985F-F956-4A58-827C-C0100F95CF24}.Release|Any CPU.ActiveCfg = Release|Any CPU
		{50E1985F-F956-4A58-827C-C0100F95CF24}.Release|Any CPU.Build.0 = Release|Any CPU
		{93AB5AFF-C30C-4417-9DDD-AAC8F0405D35}.Debug|Any CPU.ActiveCfg = Debug|Any CPU
		{93AB5AFF-C30C-4417-9DDD-AAC8F0405D35}.Debug|Any CPU.Build.0 = Debug|Any CPU
		{93AB5AFF-C30C-4417-9DDD-AAC8F0405D35}.Release|Any CPU.ActiveCfg = Release|Any CPU
		{93AB5AFF-C30C-4417-9DDD-AAC8F0405D35}.Release|Any CPU.Build.0 = Release|Any CPU
	EndGlobalSection
	GlobalSection(SolutionProperties) = preSolution
		HideSolutionNode = FALSE
	EndGlobalSection
	GlobalSection(ExtensibilityGlobals) = postSolution
		SolutionGuid = {CA69E29B-00B6-402E-B499-4626753ECFB0}
	EndGlobalSection
EndGlobal
